PODS:
  - app_settings (5.1.1):
    - Flutter
  - cupertino_http (0.0.1):
    - Flutter
    - FlutterMacOS
  - Flutter (1.0.0)
  - flutter_file_manager_ios (0.0.1):
    - Flutter
  - native_push (0.0.1):
    - Flutter
  - sign_in_with_apple (0.0.1):
    - Flutter

DEPENDENCIES:
  - app_settings (from `.symlinks/plugins/app_settings/ios`)
  - cupertino_http (from `.symlinks/plugins/cupertino_http/darwin`)
  - Flutter (from `Flutter`)
  - flutter_file_manager_ios (from `.symlinks/plugins/flutter_file_manager_ios/ios`)
  - native_push (from `.symlinks/plugins/native_push/darwin`)
  - sign_in_with_apple (from `.symlinks/plugins/sign_in_with_apple/ios`)

EXTERNAL SOURCES:
  app_settings:
    :path: ".symlinks/plugins/app_settings/ios"
  cupertino_http:
    :path: ".symlinks/plugins/cupertino_http/darwin"
  Flutter:
    :path: Flutter
  flutter_file_manager_ios:
    :path: ".symlinks/plugins/flutter_file_manager_ios/ios"
  native_push:
    :path: ".symlinks/plugins/native_push/darwin"
  sign_in_with_apple:
    :path: ".symlinks/plugins/sign_in_with_apple/ios"

SPEC CHECKSUMS:
  app_settings: 2ef6fd7feddb190c36589bd471a02136e4f99641
  cupertino_http: 947a233f40cfea55167a49f2facc18434ea117ba
  Flutter: cabc95a1d2626b1b06e7179b784ebcf0c0cde467
  flutter_file_manager_ios: 8b85edb34c737cbf4546e3c91f82823195b7f562
  native_push: 7b36e7cd1c0f2b39bdebaf66c98544f04ce74c4e
  sign_in_with_apple: f3bf75217ea4c2c8b91823f225d70230119b8440

PODFILE CHECKSUM: db9e6482ce12a98225089be677def73daa0bded4

COCOAPODS: 1.16.2
